
Microsoft Visual Studio Solution File, Format Version 12.00
# 
Project("{FAE04EC0-301F-11D3-BF4B-00C04F79EFBC}") = "Client", "Client\Client.csproj", "{D7BC72F6-D893-40DB-AB00-5FA94B4BCC0C}"
EndProject
Project("{FAE04EC0-301F-11D3-BF4B-00C04F79EFBC}") = "Server", "Server\Server.csproj", "{9B6B3252-AE0F-42EC-8006-5F688EB7309D}"
EndProject
Global
	GlobalSection(SolutionConfigurationPlatforms) = preSolution
		Debug|Any CPU = Debug|Any CPU
		Release|Any CPU = Release|Any CPU
	EndGlobalSection
	GlobalSection(ProjectConfigurationPlatforms) = postSolution
		{D7BC72F6-D893-40DB-AB00-5FA94B4BCC0C}.Debug|Any CPU.ActiveCfg = Debug|Any CPU
		{D7BC72F6-D893-40DB-AB00-5FA94B4BCC0C}.Debug|Any CPU.Build.0 = Debug|Any CPU
		{D7BC72F6-D893-40DB-AB00-5FA94B4BCC0C}.Release|Any CPU.ActiveCfg = Release|Any CPU
		{D7BC72F6-D893-40DB-AB00-5FA94B4BCC0C}.Release|Any CPU.Build.0 = Release|Any CPU
		{9B6B3252-AE0F-42EC-8006-5F688EB7309D}.Debug|Any CPU.ActiveCfg = Debug|Any CPU
		{9B6B3252-AE0F-42EC-8006-5F688EB7309D}.Debug|Any CPU.Build.0 = Debug|Any CPU
		{9B6B3252-AE0F-42EC-8006-5F688EB7309D}.Release|Any CPU.ActiveCfg = Release|Any CPU
		{9B6B3252-AE0F-42EC-8006-5F688EB7309D}.Release|Any CPU.Build.0 = Release|Any CPU
	EndGlobalSection
EndGlobal
